
Microsoft Visual Studio Solution File, Format Version 12.00
# Visual Studio Version 17
VisualStudioVersion = 17.3.32811.315
MinimumVisualStudioVersion = 10.0.40219.1
Project("{8BC9CEB8-8B4A-11D0-8D11-00A0C91BC942}") = "lab2fix", "lab2fix\lab2fix.vcxproj", "{2D885974-7981-4188-9E7E-09343FC27F80}"
EndProject
Global
	GlobalSection(SolutionConfigurationPlatforms) = preSolution
		Debug|x64 = Debug|x64
		Debug|x86 = Debug|x86
		Release|x64 = Release|x64
		Release|x86 = Release|x86
	EndGlobalSection
	GlobalSection(ProjectConfigurationPlatforms) = postSolution
		{2D885974-7981-4188-9E7E-09343FC27F80}.Debug|x64.ActiveCfg = Debug|x64
		{2D885974-7981-4188-9E7E-09343FC27F80}.Debug|x64.Build.0 = Debug|x64
		{2D885974-7981-4188-9E7E-09343FC27F80}.Debug|x86.ActiveCfg = Debug|Win32
		{2D885974-7981-4188-9E7E-09343FC27F80}.Debug|x86.Build.0 = Debug|Win32
		{2D885974-7981-4188-9E7E-09343FC27F80}.Release|x64.ActiveCfg = Release|x64
		{2D885974-7981-4188-9E7E-09343FC27F80}.Release|x64.Build.0 = Release|x64
		{2D885974-7981-4188-9E7E-09343FC27F80}.Release|x86.ActiveCfg = Release|Win32
		{2D885974-7981-4188-9E7E-09343FC27F80}.Release|x86.Build.0 = Release|Win32
	EndGlobalSection
	GlobalSection(SolutionProperties) = preSolution
		HideSolutionNode = FALSE
	EndGlobalSection
	GlobalSection(ExtensibilityGlobals) = postSolution
		SolutionGuid = {75165E7A-2624-4807-A9AF-F3B30726B6A2}
	EndGlobalSection
EndGlobal
